
Microsoft Visual Studio Solution File, Format Version 12.00
# Visual Studio Version 17
VisualStudioVersion = 17.1.32228.430
MinimumVisualStudioVersion = 10.0.40219.1
Project("{FAE04EC0-301F-11D3-BF4B-00C04F79EFBC}") = "techman", "techman\techman.csproj", "{21071E64-F479-4769-8216-02E7D348C579}"
EndProject
Global
	GlobalSection(SolutionConfigurationPlatforms) = preSolution
		Debug|Any CPU = Debug|Any CPU
		Release|Any CPU = Release|Any CPU
	EndGlobalSection
	GlobalSection(ProjectConfigurationPlatforms) = postSolution
		{21071E64-F479-4769-8216-02E7D348C579}.Debug|Any CPU.ActiveCfg = Debug|Any CPU
		{21071E64-F479-4769-8216-02E7D348C579}.Debug|Any CPU.Build.0 = Debug|Any CPU
		{21071E64-F479-4769-8216-02E7D348C579}.Release|Any CPU.ActiveCfg = Release|Any CPU
		{21071E64-F479-4769-8216-02E7D348C579}.Release|Any CPU.Build.0 = Release|Any CPU
	EndGlobalSection
	GlobalSection(SolutionProperties) = preSolution
		HideSolutionNode = FALSE
	EndGlobalSection
	GlobalSection(ExtensibilityGlobals) = postSolution
		SolutionGuid = {3651492D-DA46-44AD-BA37-39B204D43AF1}
	EndGlobalSection
EndGlobal
